
Microsoft Visual Studio Solution File, Format Version 12.00
# Visual Studio Version 16
VisualStudioVersion = 16.0.29306.81
MinimumVisualStudioVersion = 10.0.40219.1
Project("{FAE04EC0-301F-11D3-BF4B-00C04F79EFBC}") = "GuessAWord", "GuessAWord\GuessAWord.csproj", "{D9DD8DB4-AD26-4218-B27B-9620BBB4915A}"
EndProject
Global
	GlobalSection(SolutionConfigurationPlatforms) = preSolution
		Debug|Any CPU = Debug|Any CPU
		Release|Any CPU = Release|Any CPU
	EndGlobalSection
	GlobalSection(ProjectConfigurationPlatforms) = postSolution
		{D9DD8DB4-AD26-4218-B27B-9620BBB4915A}.Debug|Any CPU.ActiveCfg = Debug|Any CPU
		{D9DD8DB4-AD26-4218-B27B-9620BBB4915A}.Debug|Any CPU.Build.0 = Debug|Any CPU
		{D9DD8DB4-AD26-4218-B27B-9620BBB4915A}.Release|Any CPU.ActiveCfg = Release|Any CPU
		{D9DD8DB4-AD26-4218-B27B-9620BBB4915A}.Release|Any CPU.Build.0 = Release|Any CPU
	EndGlobalSection
	GlobalSection(SolutionProperties) = preSolution
		HideSolutionNode = FALSE
	EndGlobalSection
	GlobalSection(ExtensibilityGlobals) = postSolution
		SolutionGuid = {A7F69BA3-09F2-47C3-A08D-98FEAF95DC6E}
	EndGlobalSection
EndGlobal
